// !$*UTF8*$!
{
	archiveVersion = 1;
	classes = {
	};
	objectVersion = 50;
	objects = {

/* Begin PBXBuildFile section */
		2685C19B222646F400207624 /* AppDelegate.swift in Sources */ = {isa = PBXBuildFile; fileRef = 2685C19A222646F400207624 /* AppDelegate.swift */; };
		2685C19D222646F400207624 /* AddItemViewController.swift in Sources */ = {isa = PBXBuildFile; fileRef = 2685C19C222646F400207624 /* AddItemViewController.swift */; };
		2685C1A0222646F400207624 /* ShoppingList.storyboard in Resources */ = {isa = PBXBuildFile; fileRef = 2685C19E222646F400207624 /* ShoppingList.storyboard */; };
		2685C1A2222646F700207624 /* Assets.xcassets in Resources */ = {isa = PBXBuildFile; fileRef = 2685C1A1222646F700207624 /* Assets.xcassets */; };
		2685C1A5222646F700207624 /* LaunchScreen.storyboard in Resources */ = {isa = PBXBuildFile; fileRef = 2685C1A3222646F700207624 /* LaunchScreen.storyboard */; };
		2685C1B0222646F700207624 /* GroceryItemTests.swift in Sources */ = {isa = PBXBuildFile; fileRef = 2685C1AF222646F700207624 /* GroceryItemTests.swift */; };
		2685C1BD222647F000207624 /* ShoppingListModel.swift in Sources */ = {isa = PBXBuildFile; fileRef = 2685C1BC222647F000207624 /* ShoppingListModel.swift */; };
		2685C1BF2226486100207624 /* GroceryItem.swift in Sources */ = {isa = PBXBuildFile; fileRef = 2685C1BE2226486100207624 /* GroceryItem.swift */; };
		26B1893722264D08001765F8 /* ShoppingListModelTests.swift in Sources */ = {isa = PBXBuildFile; fileRef = 26B1893622264D08001765F8 /* ShoppingListModelTests.swift */; };
		E2296DB0224C52160010A3F6 /* AddItemToCartViewController.swift in Sources */ = {isa = PBXBuildFile; fileRef = E2296DAF224C52160010A3F6 /* AddItemToCartViewController.swift */; };
		E250F0932230981C00BD24BA /* GroceryTripError.swift in Sources */ = {isa = PBXBuildFile; fileRef = E250F0922230981C00BD24BA /* GroceryTripError.swift */; };
		E250F0952230983900BD24BA /* GroceryTrip.swift in Sources */ = {isa = PBXBuildFile; fileRef = E250F0942230983900BD24BA /* GroceryTrip.swift */; };
		E2519CAE2243DC8200BF5A6E /* GroceryTrip.storyboard in Resources */ = {isa = PBXBuildFile; fileRef = E2519CAD2243DC8200BF5A6E /* GroceryTrip.storyboard */; };
		E2519CB02243E71B00BF5A6E /* CartTableViewCell.swift in Sources */ = {isa = PBXBuildFile; fileRef = E2519CAF2243E71B00BF5A6E /* CartTableViewCell.swift */; };
		E2519CB22243E7D400BF5A6E /* CartViewController.swift in Sources */ = {isa = PBXBuildFile; fileRef = E2519CB12243E7D400BF5A6E /* CartViewController.swift */; };
		E2519CB42246EE2E00BF5A6E /* CartModel.swift in Sources */ = {isa = PBXBuildFile; fileRef = E2519CB32246EE2E00BF5A6E /* CartModel.swift */; };
		E28FBB03223EB16900AC3B49 /* Info.plist in Resources */ = {isa = PBXBuildFile; fileRef = E28FBB02223EB16800AC3B49 /* Info.plist */; };
		E2FBCEF6223EEA8400653431 /* ShoppingListViewController.swift in Sources */ = {isa = PBXBuildFile; fileRef = E2FBCEF5223EEA8400653431 /* ShoppingListViewController.swift */; };
		E2FBCEF9223F20CB00653431 /* GroceryItemPersistence.swift in Sources */ = {isa = PBXBuildFile; fileRef = E2FBCEF8223F20CB00653431 /* GroceryItemPersistence.swift */; };
/* End PBXBuildFile section */

/* Begin PBXContainerItemProxy section */
		2685C1AC222646F700207624 /* PBXContainerItemProxy */ = {
			isa = PBXContainerItemProxy;
			containerPortal = 2685C18F222646F400207624 /* Project object */;
			proxyType = 1;
			remoteGlobalIDString = 2685C196222646F400207624;
			remoteInfo = GroceryApp;
		};
/* End PBXContainerItemProxy section */

/* Begin PBXFileReference section */
		2685C197222646F400207624 /* GroceryApp.app */ = {isa = PBXFileReference; explicitFileType = wrapper.application; includeInIndex = 0; path = GroceryApp.app; sourceTree = BUILT_PRODUCTS_DIR; };
		2685C19A222646F400207624 /* AppDelegate.swift */ = {isa = PBXFileReference; lastKnownFileType = sourcecode.swift; path = AppDelegate.swift; sourceTree = "<group>"; };
		2685C19C222646F400207624 /* AddItemViewController.swift */ = {isa = PBXFileReference; lastKnownFileType = sourcecode.swift; path = AddItemViewController.swift; sourceTree = "<group>"; };
		2685C19F222646F400207624 /* Base */ = {isa = PBXFileReference; lastKnownFileType = file.storyboard; name = Base; path = Base.lproj/ShoppingList.storyboard; sourceTree = "<group>"; };
		2685C1A1222646F700207624 /* Assets.xcassets */ = {isa = PBXFileReference; lastKnownFileType = folder.assetcatalog; path = Assets.xcassets; sourceTree = "<group>"; };
		2685C1A4222646F700207624 /* Base */ = {isa = PBXFileReference; lastKnownFileType = file.storyboard; name = Base; path = Base.lproj/LaunchScreen.storyboard; sourceTree = "<group>"; };
		2685C1AB222646F700207624 /* GroceryAppTests.xctest */ = {isa = PBXFileReference; explicitFileType = wrapper.cfbundle; includeInIndex = 0; path = GroceryAppTests.xctest; sourceTree = BUILT_PRODUCTS_DIR; };
		2685C1AF222646F700207624 /* GroceryItemTests.swift */ = {isa = PBXFileReference; lastKnownFileType = sourcecode.swift; path = GroceryItemTests.swift; sourceTree = "<group>"; };
		2685C1B1222646F700207624 /* Info.plist */ = {isa = PBXFileReference; lastKnownFileType = text.plist.xml; path = Info.plist; sourceTree = "<group>"; };
		2685C1BC222647F000207624 /* ShoppingListModel.swift */ = {isa = PBXFileReference; lastKnownFileType = sourcecode.swift; path = ShoppingListModel.swift; sourceTree = "<group>"; };
		2685C1BE2226486100207624 /* GroceryItem.swift */ = {isa = PBXFileReference; lastKnownFileType = sourcecode.swift; path = GroceryItem.swift; sourceTree = "<group>"; };
		26B1893622264D08001765F8 /* ShoppingListModelTests.swift */ = {isa = PBXFileReference; lastKnownFileType = sourcecode.swift; path = ShoppingListModelTests.swift; sourceTree = "<group>"; };
		E2296DAF224C52160010A3F6 /* AddItemToCartViewController.swift */ = {isa = PBXFileReference; lastKnownFileType = sourcecode.swift; path = AddItemToCartViewController.swift; sourceTree = "<group>"; };
		E250F0922230981C00BD24BA /* GroceryTripError.swift */ = {isa = PBXFileReference; lastKnownFileType = sourcecode.swift; path = GroceryTripError.swift; sourceTree = "<group>"; };
		E250F0942230983900BD24BA /* GroceryTrip.swift */ = {isa = PBXFileReference; lastKnownFileType = sourcecode.swift; path = GroceryTrip.swift; sourceTree = "<group>"; };
		E2519CAD2243DC8200BF5A6E /* GroceryTrip.storyboard */ = {isa = PBXFileReference; lastKnownFileType = file.storyboard; path = GroceryTrip.storyboard; sourceTree = "<group>"; };
		E2519CAF2243E71B00BF5A6E /* CartTableViewCell.swift */ = {isa = PBXFileReference; lastKnownFileType = sourcecode.swift; path = CartTableViewCell.swift; sourceTree = "<group>"; };
		E2519CB12243E7D400BF5A6E /* CartViewController.swift */ = {isa = PBXFileReference; lastKnownFileType = sourcecode.swift; path = CartViewController.swift; sourceTree = "<group>"; };
		E2519CB32246EE2E00BF5A6E /* CartModel.swift */ = {isa = PBXFileReference; lastKnownFileType = sourcecode.swift; path = CartModel.swift; sourceTree = "<group>"; };
		E28FBB02223EB16800AC3B49 /* Info.plist */ = {isa = PBXFileReference; fileEncoding = 4; lastKnownFileType = text.plist.xml; path = Info.plist; sourceTree = "<group>"; };
		E2FBCEF5223EEA8400653431 /* ShoppingListViewController.swift */ = {isa = PBXFileReference; lastKnownFileType = sourcecode.swift; path = ShoppingListViewController.swift; sourceTree = "<group>"; };
		E2FBCEF8223F20CB00653431 /* GroceryItemPersistence.swift */ = {isa = PBXFileReference; lastKnownFileType = sourcecode.swift; path = GroceryItemPersistence.swift; sourceTree = "<group>"; };
/* End PBXFileReference section */

/* Begin PBXFrameworksBuildPhase section */
		2685C194222646F400207624 /* Frameworks */ = {
			isa = PBXFrameworksBuildPhase;
			buildActionMask = 2147483647;
			files = (
			);
			runOnlyForDeploymentPostprocessing = 0;
		};
		2685C1A8222646F700207624 /* Frameworks */ = {
			isa = PBXFrameworksBuildPhase;
			buildActionMask = 2147483647;
			files = (
			);
			runOnlyForDeploymentPostprocessing = 0;
		};
/* End PBXFrameworksBuildPhase section */

/* Begin PBXGroup section */
		2685C18E222646F400207624 = {
			isa = PBXGroup;
			children = (
				2685C199222646F400207624 /* GroceryApp */,
				2685C1AE222646F700207624 /* GroceryAppTests */,
				2685C198222646F400207624 /* Products */,
			);
			sourceTree = "<group>";
		};
		2685C198222646F400207624 /* Products */ = {
			isa = PBXGroup;
			children = (
				2685C197222646F400207624 /* GroceryApp.app */,
				2685C1AB222646F700207624 /* GroceryAppTests.xctest */,
			);
			name = Products;
			sourceTree = "<group>";
		};
		2685C199222646F400207624 /* GroceryApp */ = {
			isa = PBXGroup;
			children = (
				E2296DAE224C51940010A3F6 /* Cart */,
				E2FBCEF7223F20AF00653431 /* Persistence */,
				2685C1BB2226479300207624 /* ShoppingList */,
				2685C1BE2226486100207624 /* GroceryItem.swift */,
				2685C1BA2226473100207624 /* Supporting Files */,
				E250F0942230983900BD24BA /* GroceryTrip.swift */,
				E250F0922230981C00BD24BA /* GroceryTripError.swift */,
			);
			path = GroceryApp;
			sourceTree = "<group>";
		};
		2685C1AE222646F700207624 /* GroceryAppTests */ = {
			isa = PBXGroup;
			children = (
				E28FBB02223EB16800AC3B49 /* Info.plist */,
				2685C1AF222646F700207624 /* GroceryItemTests.swift */,
				26B1893622264D08001765F8 /* ShoppingListModelTests.swift */,
			);
			path = GroceryAppTests;
			sourceTree = "<group>";
		};
		2685C1BA2226473100207624 /* Supporting Files */ = {
			isa = PBXGroup;
			children = (
				2685C19A222646F400207624 /* AppDelegate.swift */,
				2685C1A1222646F700207624 /* Assets.xcassets */,
				2685C1A3222646F700207624 /* LaunchScreen.storyboard */,
				2685C1B1222646F700207624 /* Info.plist */,
			);
			path = "Supporting Files";
			sourceTree = "<group>";
		};
		2685C1BB2226479300207624 /* ShoppingList */ = {
			isa = PBXGroup;
			children = (
				2685C19E222646F400207624 /* ShoppingList.storyboard */,
				2685C19C222646F400207624 /* AddItemViewController.swift */,
				2685C1BC222647F000207624 /* ShoppingListModel.swift */,
				E2FBCEF5223EEA8400653431 /* ShoppingListViewController.swift */,
			);
			path = ShoppingList;
			sourceTree = "<group>";
		};
		E2296DAE224C51940010A3F6 /* Cart */ = {
			isa = PBXGroup;
			children = (
				E2519CAD2243DC8200BF5A6E /* GroceryTrip.storyboard */,
				E2296DAF224C52160010A3F6 /* AddItemToCartViewController.swift */,
				E2519CB32246EE2E00BF5A6E /* CartModel.swift */,
				E2519CB12243E7D400BF5A6E /* CartViewController.swift */,
				E2519CAF2243E71B00BF5A6E /* CartTableViewCell.swift */,
			);
			path = Cart;
			sourceTree = "<group>";
		};
		E2FBCEF7223F20AF00653431 /* Persistence */ = {
			isa = PBXGroup;
			children = (
				E2FBCEF8223F20CB00653431 /* GroceryItemPersistence.swift */,
			);
			path = Persistence;
			sourceTree = "<group>";
		};
/* End PBXGroup section */

/* Begin PBXNativeTarget section */
		2685C196222646F400207624 /* GroceryApp */ = {
			isa = PBXNativeTarget;
			buildConfigurationList = 2685C1B4222646F700207624 /* Build configuration list for PBXNativeTarget "GroceryApp" */;
			buildPhases = (
				2685C193222646F400207624 /* Sources */,
				2685C194222646F400207624 /* Frameworks */,
				2685C195222646F400207624 /* Resources */,
			);
			buildRules = (
			);
			dependencies = (
			);
			name = GroceryApp;
			productName = GroceryApp;
			productReference = 2685C197222646F400207624 /* GroceryApp.app */;
			productType = "com.apple.product-type.application";
		};
		2685C1AA222646F700207624 /* GroceryAppTests */ = {
			isa = PBXNativeTarget;
			buildConfigurationList = 2685C1B7222646F700207624 /* Build configuration list for PBXNativeTarget "GroceryAppTests" */;
			buildPhases = (
				2685C1A7222646F700207624 /* Sources */,
				2685C1A8222646F700207624 /* Frameworks */,
				2685C1A9222646F700207624 /* Resources */,
			);
			buildRules = (
			);
			dependencies = (
				2685C1AD222646F700207624 /* PBXTargetDependency */,
			);
			name = GroceryAppTests;
			productName = GroceryAppTests;
			productReference = 2685C1AB222646F700207624 /* GroceryAppTests.xctest */;
			productType = "com.apple.product-type.bundle.unit-test";
		};
/* End PBXNativeTarget section */

/* Begin PBXProject section */
		2685C18F222646F400207624 /* Project object */ = {
			isa = PBXProject;
			attributes = {
				LastSwiftUpdateCheck = 1010;
				LastUpgradeCheck = 1010;
				TargetAttributes = {
					2685C196222646F400207624 = {
						CreatedOnToolsVersion = 10.1;
					};
					2685C1AA222646F700207624 = {
						CreatedOnToolsVersion = 10.1;
						TestTargetID = 2685C196222646F400207624;
					};
				};
			};
			buildConfigurationList = 2685C192222646F400207624 /* Build configuration list for PBXProject "GroceryApp" */;
			compatibilityVersion = "Xcode 9.3";
			developmentRegion = en;
			hasScannedForEncodings = 0;
			knownRegions = (
				en,
				Base,
			);
			mainGroup = 2685C18E222646F400207624;
			productRefGroup = 2685C198222646F400207624 /* Products */;
			projectDirPath = "";
			projectRoot = "";
			targets = (
				2685C196222646F400207624 /* GroceryApp */,
				2685C1AA222646F700207624 /* GroceryAppTests */,
			);
		};
/* End PBXProject section */

/* Begin PBXResourcesBuildPhase section */
		2685C195222646F400207624 /* Resources */ = {
			isa = PBXResourcesBuildPhase;
			buildActionMask = 2147483647;
			files = (
				2685C1A5222646F700207624 /* LaunchScreen.storyboard in Resources */,
				2685C1A2222646F700207624 /* Assets.xcassets in Resources */,
				2685C1A0222646F400207624 /* ShoppingList.storyboard in Resources */,
				E2519CAE2243DC8200BF5A6E /* GroceryTrip.storyboard in Resources */,
			);
			runOnlyForDeploymentPostprocessing = 0;
		};
		2685C1A9222646F700207624 /* Resources */ = {
			isa = PBXResourcesBuildPhase;
			buildActionMask = 2147483647;
			files = (
				E28FBB03223EB16900AC3B49 /* Info.plist in Resources */,
			);
			runOnlyForDeploymentPostprocessing = 0;
		};
/* End PBXResourcesBuildPhase section */

/* Begin PBXSourcesBuildPhase section */
		2685C193222646F400207624 /* Sources */ = {
			isa = PBXSourcesBuildPhase;
			buildActionMask = 2147483647;
			files = (
				E2296DB0224C52160010A3F6 /* AddItemToCartViewController.swift in Sources */,
				E250F0952230983900BD24BA /* GroceryTrip.swift in Sources */,
				E2FBCEF9223F20CB00653431 /* GroceryItemPersistence.swift in Sources */,
				E2519CB22243E7D400BF5A6E /* CartViewController.swift in Sources */,
				2685C1BD222647F000207624 /* ShoppingListModel.swift in Sources */,
				E2519CB42246EE2E00BF5A6E /* CartModel.swift in Sources */,
				E2519CB02243E71B00BF5A6E /* CartTableViewCell.swift in Sources */,
				2685C19D222646F400207624 /* AddItemViewController.swift in Sources */,
				E2FBCEF6223EEA8400653431 /* ShoppingListViewController.swift in Sources */,
				2685C1BF2226486100207624 /* GroceryItem.swift in Sources */,
				2685C19B222646F400207624 /* AppDelegate.swift in Sources */,
				E250F0932230981C00BD24BA /* GroceryTripError.swift in Sources */,
			);
			runOnlyForDeploymentPostprocessing = 0;
		};
		2685C1A7222646F700207624 /* Sources */ = {
			isa = PBXSourcesBuildPhase;
			buildActionMask = 2147483647;
			files = (
				2685C1B0222646F700207624 /* GroceryItemTests.swift in Sources */,
				26B1893722264D08001765F8 /* ShoppingListModelTests.swift in Sources */,
			);
			runOnlyForDeploymentPostprocessing = 0;
		};
/* End PBXSourcesBuildPhase section */

/* Begin PBXTargetDependency section */
		2685C1AD222646F700207624 /* PBXTargetDependency */ = {
			isa = PBXTargetDependency;
			target = 2685C196222646F400207624 /* GroceryApp */;
			targetProxy = 2685C1AC222646F700207624 /* PBXContainerItemProxy */;
		};
/* End PBXTargetDependency section */

/* Begin PBXVariantGroup section */
		2685C19E222646F400207624 /* ShoppingList.storyboard */ = {
			isa = PBXVariantGroup;
			children = (
				2685C19F222646F400207624 /* Base */,
			);
			name = ShoppingList.storyboard;
			sourceTree = "<group>";
		};
		2685C1A3222646F700207624 /* LaunchScreen.storyboard */ = {
			isa = PBXVariantGroup;
			children = (
				2685C1A4222646F700207624 /* Base */,
			);
			name = LaunchScreen.storyboard;
			sourceTree = "<group>";
		};
/* End PBXVariantGroup section */

/* Begin XCBuildConfiguration section */
		2685C1B2222646F700207624 /* Debug */ = {
			isa = XCBuildConfiguration;
			buildSettings = {
				ALWAYS_SEARCH_USER_PATHS = NO;
				CLANG_ANALYZER_NONNULL = YES;
				CLANG_ANALYZER_NUMBER_OBJECT_CONVERSION = YES_AGGRESSIVE;
				CLANG_CXX_LANGUAGE_STANDARD = "gnu++14";
				CLANG_CXX_LIBRARY = "libc++";
				CLANG_ENABLE_MODULES = YES;
				CLANG_ENABLE_OBJC_ARC = YES;
				CLANG_ENABLE_OBJC_WEAK = YES;
				CLANG_WARN_BLOCK_CAPTURE_AUTORELEASING = YES;
				CLANG_WARN_BOOL_CONVERSION = YES;
				CLANG_WARN_COMMA = YES;
				CLANG_WARN_CONSTANT_CONVERSION = YES;
				CLANG_WARN_DEPRECATED_OBJC_IMPLEMENTATIONS = YES;
				CLANG_WARN_DIRECT_OBJC_ISA_USAGE = YES_ERROR;
				CLANG_WARN_DOCUMENTATION_COMMENTS = YES;
				CLANG_WARN_EMPTY_BODY = YES;
				CLANG_WARN_ENUM_CONVERSION = YES;
				CLANG_WARN_INFINITE_RECURSION = YES;
				CLANG_WARN_INT_CONVERSION = YES;
				CLANG_WARN_NON_LITERAL_NULL_CONVERSION = YES;
				CLANG_WARN_OBJC_IMPLICIT_RETAIN_SELF = YES;
				CLANG_WARN_OBJC_LITERAL_CONVERSION = YES;
				CLANG_WARN_OBJC_ROOT_CLASS = YES_ERROR;
				CLANG_WARN_RANGE_LOOP_ANALYSIS = YES;
				CLANG_WARN_STRICT_PROTOTYPES = YES;
				CLANG_WARN_SUSPICIOUS_MOVE = YES;
				CLANG_WARN_UNGUARDED_AVAILABILITY = YES_AGGRESSIVE;
				CLANG_WARN_UNREACHABLE_CODE = YES;
				CLANG_WARN__DUPLICATE_METHOD_MATCH = YES;
				CODE_SIGN_IDENTITY = "iPhone Developer";
				COPY_PHASE_STRIP = NO;
				DEBUG_INFORMATION_FORMAT = dwarf;
				ENABLE_STRICT_OBJC_MSGSEND = YES;
				ENABLE_TESTABILITY = YES;
				GCC_C_LANGUAGE_STANDARD = gnu11;
				GCC_DYNAMIC_NO_PIC = NO;
				GCC_NO_COMMON_BLOCKS = YES;
				GCC_OPTIMIZATION_LEVEL = 0;
				GCC_PREPROCESSOR_DEFINITIONS = (
					"DEBUG=1",
					"$(inherited)",
				);
				GCC_WARN_64_TO_32_BIT_CONVERSION = YES;
				GCC_WARN_ABOUT_RETURN_TYPE = YES_ERROR;
				GCC_WARN_UNDECLARED_SELECTOR = YES;
				GCC_WARN_UNINITIALIZED_AUTOS = YES_AGGRESSIVE;
				GCC_WARN_UNUSED_FUNCTION = YES;
				GCC_WARN_UNUSED_VARIABLE = YES;
				IPHONEOS_DEPLOYMENT_TARGET = 12.1;
				MTL_ENABLE_DEBUG_INFO = INCLUDE_SOURCE;
				MTL_FAST_MATH = YES;
				ONLY_ACTIVE_ARCH = YES;
				SDKROOT = iphoneos;
				SWIFT_ACTIVE_COMPILATION_CONDITIONS = DEBUG;
				SWIFT_OPTIMIZATION_LEVEL = "-Onone";
			};
			name = Debug;
		};
		2685C1B3222646F700207624 /* Release */ = {
			isa = XCBuildConfiguration;
			buildSettings = {
				ALWAYS_SEARCH_USER_PATHS = NO;
				CLANG_ANALYZER_NONNULL = YES;
				CLANG_ANALYZER_NUMBER_OBJECT_CONVERSION = YES_AGGRESSIVE;
				CLANG_CXX_LANGUAGE_STANDARD = "gnu++14";
				CLANG_CXX_LIBRARY = "libc++";
				CLANG_ENABLE_MODULES = YES;
				CLANG_ENABLE_OBJC_ARC = YES;
				CLANG_ENABLE_OBJC_WEAK = YES;
				CLANG_WARN_BLOCK_CAPTURE_AUTORELEASING = YES;
				CLANG_WARN_BOOL_CONVERSION = YES;
				CLANG_WARN_COMMA = YES;
				CLANG_WARN_CONSTANT_CONVERSION = YES;
				CLANG_WARN_DEPRECATED_OBJC_IMPLEMENTATIONS = YES;
				CLANG_WARN_DIRECT_OBJC_ISA_USAGE = YES_ERROR;
				CLANG_WARN_DOCUMENTATION_COMMENTS = YES;
				CLANG_WARN_EMPTY_BODY = YES;
				CLANG_WARN_ENUM_CONVERSION = YES;
				CLANG_WARN_INFINITE_RECURSION = YES;
				CLANG_WARN_INT_CONVERSION = YES;
				CLANG_WARN_NON_LITERAL_NULL_CONVERSION = YES;
				CLANG_WARN_OBJC_IMPLICIT_RETAIN_SELF = YES;
				CLANG_WARN_OBJC_LITERAL_CONVERSION = YES;
				CLANG_WARN_OBJC_ROOT_CLASS = YES_ERROR;
				CLANG_WARN_RANGE_LOOP_ANALYSIS = YES;
				CLANG_WARN_STRICT_PROTOTYPES = YES;
				CLANG_WARN_SUSPICIOUS_MOVE = YES;
				CLANG_WARN_UNGUARDED_AVAILABILITY = YES_AGGRESSIVE;
				CLANG_WARN_UNREACHABLE_CODE = YES;
				CLANG_WARN__DUPLICATE_METHOD_MATCH = YES;
				CODE_SIGN_IDENTITY = "iPhone Developer";
				COPY_PHASE_STRIP = NO;
				DEBUG_INFORMATION_FORMAT = "dwarf-with-dsym";
				ENABLE_NS_ASSERTIONS = NO;
				ENABLE_STRICT_OBJC_MSGSEND = YES;
				GCC_C_LANGUAGE_STANDARD = gnu11;
				GCC_NO_COMMON_BLOCKS = YES;
				GCC_WARN_64_TO_32_BIT_CONVERSION = YES;
				GCC_WARN_ABOUT_RETURN_TYPE = YES_ERROR;
				GCC_WARN_UNDECLARED_SELECTOR = YES;
				GCC_WARN_UNINITIALIZED_AUTOS = YES_AGGRESSIVE;
				GCC_WARN_UNUSED_FUNCTION = YES;
				GCC_WARN_UNUSED_VARIABLE = YES;
				IPHONEOS_DEPLOYMENT_TARGET = 12.1;
				MTL_ENABLE_DEBUG_INFO = NO;
				MTL_FAST_MATH = YES;
				SDKROOT = iphoneos;
				SWIFT_COMPILATION_MODE = wholemodule;
				SWIFT_OPTIMIZATION_LEVEL = "-O";
				VALIDATE_PRODUCT = YES;
			};
			name = Release;
		};
		2685C1B5222646F700207624 /* Debug */ = {
			isa = XCBuildConfiguration;
			buildSettings = {
				ASSETCATALOG_COMPILER_APPICON_NAME = AppIcon;
				CODE_SIGN_STYLE = Automatic;
				DEVELOPMENT_TEAM = JZ9G56K487;
				INFOPLIST_FILE = "$(SRCROOT)/GroceryApp/Supporting Files/Info.plist";
				LD_RUNPATH_SEARCH_PATHS = (
					"$(inherited)",
					"@executable_path/Frameworks",
				);
				PRODUCT_BUNDLE_IDENTIFIER = bain.GroceryApp;
				PRODUCT_NAME = "$(TARGET_NAME)";
				SWIFT_VERSION = 4.2;
				TARGETED_DEVICE_FAMILY = "1,2";
			};
			name = Debug;
		};
		2685C1B6222646F700207624 /* Release */ = {
			isa = XCBuildConfiguration;
			buildSettings = {
				ASSETCATALOG_COMPILER_APPICON_NAME = AppIcon;
				CODE_SIGN_STYLE = Automatic;
				DEVELOPMENT_TEAM = JZ9G56K487;
				INFOPLIST_FILE = "$(SRCROOT)/GroceryApp/Supporting Files/Info.plist";
				LD_RUNPATH_SEARCH_PATHS = (
					"$(inherited)",
					"@executable_path/Frameworks",
				);
				PRODUCT_BUNDLE_IDENTIFIER = bain.GroceryApp;
				PRODUCT_NAME = "$(TARGET_NAME)";
				SWIFT_VERSION = 4.2;
				TARGETED_DEVICE_FAMILY = "1,2";
			};
			name = Release;
		};
		2685C1B8222646F700207624 /* Debug */ = {
			isa = XCBuildConfiguration;
			buildSettings = {
				ALWAYS_EMBED_SWIFT_STANDARD_LIBRARIES = YES;
				BUNDLE_LOADER = "$(TEST_HOST)";
				CODE_SIGN_STYLE = Automatic;
				DEVELOPMENT_TEAM = JZ9G56K487;
				INFOPLIST_FILE = GroceryAppTests/Info.plist;
				LD_RUNPATH_SEARCH_PATHS = (
					"$(inherited)",
					"@executable_path/Frameworks",
					"@loader_path/Frameworks",
				);
				PRODUCT_BUNDLE_IDENTIFIER = bain.GroceryAppTests;
				PRODUCT_MODULE_NAME = GroceryAppTests;
				PRODUCT_NAME = "$(TARGET_NAME)";
				SWIFT_VERSION = 4.2;
				TARGETED_DEVICE_FAMILY = "1,2";
				TEST_HOST = "$(BUILT_PRODUCTS_DIR)/GroceryApp.app/GroceryApp";
			};
			name = Debug;
		};
		2685C1B9222646F700207624 /* Release */ = {
			isa = XCBuildConfiguration;
			buildSettings = {
				ALWAYS_EMBED_SWIFT_STANDARD_LIBRARIES = YES;
				BUNDLE_LOADER = "$(TEST_HOST)";
				CODE_SIGN_STYLE = Automatic;
				DEVELOPMENT_TEAM = JZ9G56K487;
				INFOPLIST_FILE = GroceryAppTests/Info.plist;
				LD_RUNPATH_SEARCH_PATHS = (
					"$(inherited)",
					"@executable_path/Frameworks",
					"@loader_path/Frameworks",
				);
				PRODUCT_BUNDLE_IDENTIFIER = bain.GroceryAppTests;
				PRODUCT_MODULE_NAME = GroceryAppTests;
				PRODUCT_NAME = "$(TARGET_NAME)";
				SWIFT_VERSION = 4.2;
				TARGETED_DEVICE_FAMILY = "1,2";
				TEST_HOST = "$(BUILT_PRODUCTS_DIR)/GroceryApp.app/GroceryApp";
			};
			name = Release;
		};
/* End XCBuildConfiguration section */

/* Begin XCConfigurationList section */
		2685C192222646F400207624 /* Build configuration list for PBXProject "GroceryApp" */ = {
			isa = XCConfigurationList;
			buildConfigurations = (
				2685C1B2222646F700207624 /* Debug */,
				2685C1B3222646F700207624 /* Release */,
			);
			defaultConfigurationIsVisible = 0;
			defaultConfigurationName = Release;
		};
		2685C1B4222646F700207624 /* Build configuration list for PBXNativeTarget "GroceryApp" */ = {
			isa = XCConfigurationList;
			buildConfigurations = (
				2685C1B5222646F700207624 /* Debug */,
				2685C1B6222646F700207624 /* Release */,
			);
			defaultConfigurationIsVisible = 0;
			defaultConfigurationName = Release;
		};
		2685C1B7222646F700207624 /* Build configuration list for PBXNativeTarget "GroceryAppTests" */ = {
			isa = XCConfigurationList;
			buildConfigurations = (
				2685C1B8222646F700207624 /* Debug */,
				2685C1B9222646F700207624 /* Release */,
			);
			defaultConfigurationIsVisible = 0;
			defaultConfigurationName = Release;
		};
/* End XCConfigurationList section */
	};
	rootObject = 2685C18F222646F400207624 /* Project object */;
}
